
Microsoft Visual Studio Solution File, Format Version 12.00
# Visual Studio 15
VisualStudioVersion = 15.0.26124.0
MinimumVisualStudioVersion = 15.0.26124.0
Project("{FAE04EC0-301F-11D3-BF4B-00C04F79EFBC}") = "xml2xsd.lib", "xml2xsd.lib\xml2xsd.lib.csproj", "{4B3BA250-55E0-4557-BB96-0AD135518590}"
EndProject
Project("{FAE04EC0-301F-11D3-BF4B-00C04F79EFBC}") = "xml2xsd.lib.tests", "xml2xsd.lib.tests\xml2xsd.lib.tests.csproj", "{EF40AF8B-545D-4219-B18E-E0399253E465}"
EndProject
Project("{FAE04EC0-301F-11D3-BF4B-00C04F79EFBC}") = "xml2xsd.console", "xml2xsd.console\xml2xsd.console.csproj", "{E6CE2052-3DF4-413A-BE94-7C1975BE05B0}"
EndProject
Global
	GlobalSection(SolutionConfigurationPlatforms) = preSolution
		Debug|Any CPU = Debug|Any CPU
		Debug|x64 = Debug|x64
		Debug|x86 = Debug|x86
		Release|Any CPU = Release|Any CPU
		Release|x64 = Release|x64
		Release|x86 = Release|x86
	EndGlobalSection
	GlobalSection(SolutionProperties) = preSolution
		HideSolutionNode = FALSE
	EndGlobalSection
	GlobalSection(ProjectConfigurationPlatforms) = postSolution
		{4B3BA250-55E0-4557-BB96-0AD135518590}.Debug|Any CPU.ActiveCfg = Debug|Any CPU
		{4B3BA250-55E0-4557-BB96-0AD135518590}.Debug|Any CPU.Build.0 = Debug|Any CPU
		{4B3BA250-55E0-4557-BB96-0AD135518590}.Debug|x64.ActiveCfg = Debug|Any CPU
		{4B3BA250-55E0-4557-BB96-0AD135518590}.Debug|x64.Build.0 = Debug|Any CPU
		{4B3BA250-55E0-4557-BB96-0AD135518590}.Debug|x86.ActiveCfg = Debug|Any CPU
		{4B3BA250-55E0-4557-BB96-0AD135518590}.Debug|x86.Build.0 = Debug|Any CPU
		{4B3BA250-55E0-4557-BB96-0AD135518590}.Release|Any CPU.ActiveCfg = Release|Any CPU
		{4B3BA250-55E0-4557-BB96-0AD135518590}.Release|Any CPU.Build.0 = Release|Any CPU
		{4B3BA250-55E0-4557-BB96-0AD135518590}.Release|x64.ActiveCfg = Release|Any CPU
		{4B3BA250-55E0-4557-BB96-0AD135518590}.Release|x64.Build.0 = Release|Any CPU
		{4B3BA250-55E0-4557-BB96-0AD135518590}.Release|x86.ActiveCfg = Release|Any CPU
		{4B3BA250-55E0-4557-BB96-0AD135518590}.Release|x86.Build.0 = Release|Any CPU
		{EF40AF8B-545D-4219-B18E-E0399253E465}.Debug|Any CPU.ActiveCfg = Debug|Any CPU
		{EF40AF8B-545D-4219-B18E-E0399253E465}.Debug|Any CPU.Build.0 = Debug|Any CPU
		{EF40AF8B-545D-4219-B18E-E0399253E465}.Debug|x64.ActiveCfg = Debug|Any CPU
		{EF40AF8B-545D-4219-B18E-E0399253E465}.Debug|x64.Build.0 = Debug|Any CPU
		{EF40AF8B-545D-4219-B18E-E0399253E465}.Debug|x86.ActiveCfg = Debug|Any CPU
		{EF40AF8B-545D-4219-B18E-E0399253E465}.Debug|x86.Build.0 = Debug|Any CPU
		{EF40AF8B-545D-4219-B18E-E0399253E465}.Release|Any CPU.ActiveCfg = Release|Any CPU
		{EF40AF8B-545D-4219-B18E-E0399253E465}.Release|Any CPU.Build.0 = Release|Any CPU
		{EF40AF8B-545D-4219-B18E-E0399253E465}.Release|x64.ActiveCfg = Release|Any CPU
		{EF40AF8B-545D-4219-B18E-E0399253E465}.Release|x64.Build.0 = Release|Any CPU
		{EF40AF8B-545D-4219-B18E-E0399253E465}.Release|x86.ActiveCfg = Release|Any CPU
		{EF40AF8B-545D-4219-B18E-E0399253E465}.Release|x86.Build.0 = Release|Any CPU
		{E6CE2052-3DF4-413A-BE94-7C1975BE05B0}.Debug|Any CPU.ActiveCfg = Debug|Any CPU
		{E6CE2052-3DF4-413A-BE94-7C1975BE05B0}.Debug|Any CPU.Build.0 = Debug|Any CPU
		{E6CE2052-3DF4-413A-BE94-7C1975BE05B0}.Debug|x64.ActiveCfg = Debug|Any CPU
		{E6CE2052-3DF4-413A-BE94-7C1975BE05B0}.Debug|x64.Build.0 = Debug|Any CPU
		{E6CE2052-3DF4-413A-BE94-7C1975BE05B0}.Debug|x86.ActiveCfg = Debug|Any CPU
		{E6CE2052-3DF4-413A-BE94-7C1975BE05B0}.Debug|x86.Build.0 = Debug|Any CPU
		{E6CE2052-3DF4-413A-BE94-7C1975BE05B0}.Release|Any CPU.ActiveCfg = Release|Any CPU
		{E6CE2052-3DF4-413A-BE94-7C1975BE05B0}.Release|Any CPU.Build.0 = Release|Any CPU
		{E6CE2052-3DF4-413A-BE94-7C1975BE05B0}.Release|x64.ActiveCfg = Release|Any CPU
		{E6CE2052-3DF4-413A-BE94-7C1975BE05B0}.Release|x64.Build.0 = Release|Any CPU
		{E6CE2052-3DF4-413A-BE94-7C1975BE05B0}.Release|x86.ActiveCfg = Release|Any CPU
		{E6CE2052-3DF4-413A-BE94-7C1975BE05B0}.Release|x86.Build.0 = Release|Any CPU
	EndGlobalSection
EndGlobal
